{
  "version": 4,
  "terraform_version": "1.14.3",
  "serial": 153,
  "lineage": "bd195226-6ad2-2755-9607-96ae78172d71",
  "outputs": {},
  "resources": [
    {
      "mode": "managed",
      "type": "yandex_compute_instance_group",
      "name": "servers_pool",
      "provider": "provider[\"registry.terraform.io/yandex-cloud/yandex\"]",
      "instances": [
        {
          "schema_version": 0,
          "attributes": {
            "allocation_policy": [
              {
                "zones": [
                  "ru-central1-b"
                ]
              }
            ],
            "application_load_balancer": [
              {
                "max_opening_traffic_duration": 0,
                "status_message": "",
                "target_group_description": "",
                "target_group_id": "ds7hcr8d2bclptski91a",
                "target_group_labels": null,
                "target_group_name": "servers-pool-tg"
              }
            ],
            "created_at": "2026-01-10T19:00:36Z",
            "deletion_protection": false,
            "deploy_policy": [
              {
                "max_creating": 3,
                "max_deleting": 0,
                "max_expansion": 0,
                "max_unavailable": 3,
                "startup_duration": 0,
                "strategy": "proactive"
              }
            ],
            "description": "",
            "folder_id": "b1g198030ofc482vr85d",
            "health_check": [
              {
                "healthy_threshold": 2,
                "http_options": [
                  {
                    "path": "/",
                    "port": 8000
                  }
                ],
                "interval": 2,
                "tcp_options": [],
                "timeout": 1,
                "unhealthy_threshold": 2
              }
            ],
            "id": "cl1ok4cp21o2m43kgpro",
            "instance_template": [
              {
                "boot_disk": [
                  {
                    "device_name": "",
                    "disk_id": "",
                    "initialize_params": [
                      {
                        "description": "",
                        "image_id": "fd883qojk2a3hruf8p7m",
                        "size": 20,
                        "snapshot_id": "",
                        "type": "network-hdd"
                      }
                    ],
                    "mode": "READ_WRITE"
                  }
                ],
                "description": "",
                "hostname": "",
                "labels": {},
                "metadata": {
                  "ssh-keys": "test:ssh-rsa AAAAB3NzaC1yc2EAAAADAQABAAABAQCrmkifIFtPZRx62czRpEij2arrWF0VbEwdDOkDHS8/zXPjgfa8pK6+zoc1UlweSU0FfhCLlRO3H6uQfM4j2hColHFaxpgDPhPS0uQ3w+akb46QMkNSzlVW0WEQtmgtxJnjvD4obi746/Ne385TL6hyprNpwDjrx59LT6r1FzDNMNYah/F2AQS6HSVqfrrXJQD/oczOe6KQli5YA5lMcddGJS/SAOblmuDN+4OMcmuWXuRxKzwl/pNjw97Umu17iCN0ZyqhSgT81fA2tueL8JBlkaJ+jt5EGFojIYq2+dqiJSxYIPTcGgD9MASn/6wNq0QMAf6mO9edDKCCs3g3j5m7 rsa-key-20250922",
                  "user-data": "  #cloud-config\r\n  users:\r\n    - name: test\r\n      sudo: ALL=(ALL) NOPASSWD:ALL\r\n      groups: users, admin\r\n      home: /home/test\r\n      shell: /bin/bash\r\n      lock_passwd: false\r\n      ssh_authorized_keys:\r\n        - ssh-rsa AAAAB3NzaC1yc2EAAAADAQABAAABAQCrmkifIFtPZRx62czRpEij2arrWF0VbEwdDOkDHS8/zXPjgfa8pK6+zoc1UlweSU0FfhCLlRO3H6uQfM4j2hColHFaxpgDPhPS0uQ3w+akb46QMkNSzlVW0WEQtmgtxJnjvD4obi746/Ne385TL6hyprNpwDjrx59LT6r1FzDNMNYah/F2AQS6HSVqfrrXJQD/oczOe6KQli5YA5lMcddGJS/SAOblmuDN+4OMcmuWXuRxKzwl/pNjw97Umu17iCN0ZyqhSgT81fA2tueL8JBlkaJ+jt5EGFojIYq2+dqiJSxYIPTcGgD9MASn/6wNq0QMAf6mO9edDKCCs3g3j5m7 rsa-key-20250922\r\n\r\n  bootcmd:\r\n    - mkdir -p /home/test/back\r\n    - mkdir -p /home/test/certs\r\n\r\n  write_files:\r\n    - path: /home/test/start_back.sh\r\n      owner: test:test\r\n      permissions: '0755'\r\n      defer: true\r\n      content: |\r\n        #!/bin/bash\r\n        cd /home/test/back\r\n        if [ ! -d venv ]; then\r\n          python3 -m venv venv\r\n        fi\r\n        . venv/bin/activate\r\n        pip install --upgrade pip\r\n        pip install -r requirements.txt\r\n        ln -sf /etc/nginx/sites-available/app /etc/nginx/sites-enabled/app\r\n        rm -f /etc/nginx/sites-enabled/default\r\n        systemctl restart nginx\r\n        nohup uvicorn app.app:app --host 0.0.0.0 --port 8000 \u003e uvicorn.log 2\u003e\u00261 \u0026\r\n\r\n  runcmd:\r\n    - apt update\r\n    - apt install -y python3.12-venv python3-pip git nginx\r\n    - git clone \"https://github.com/Kpokoko/react-mock-server\" /home/test/back\r\n    - chown -R test:test /home/test\r\n    - curl -o /home/test/certs/server.crt https://storage.yandexcloud.net/dungeon-certs/server.crt\r\n    - curl -o /home/test/certs/server.key https://storage.yandexcloud.net/dungeon-certs/server.key\r\n    - curl -o /etc/nginx/sites-available/app https://storage.yandexcloud.net/dungeon-certs/nginx.conf\r\n    - [chmod, -R, u+rwX, /home/test/back]\r\n    - /home/test/start_back.sh\r\n"
                },
                "name": "",
                "network_interface": [
                  {
                    "dns_record": [],
                    "ip_address": "",
                    "ipv4": true,
                    "ipv6": false,
                    "ipv6_address": "",
                    "ipv6_dns_record": [],
                    "nat": true,
                    "nat_dns_record": [],
                    "nat_ip_address": "",
                    "network_id": "",
                    "security_group_ids": [
                      "enphqa4mabqo2agmvii3"
                    ],
                    "subnet_ids": [
                      "e2l7o2gdb69oejco9dcl"
                    ]
                  }
                ],
                "network_settings": [],
                "placement_policy": [],
                "platform_id": "standard-v2",
                "resources": [
                  {
                    "core_fraction": 100,
                    "cores": 2,
                    "gpus": 0,
                    "memory": 2
                  }
                ],
                "scheduling_policy": [
                  {
                    "preemptible": false
                  }
                ],
                "secondary_disk": [],
                "service_account_id": ""
              }
            ],
            "instances": [
              {
                "fqdn": "cl1ok4cp21o2m43kgpro-edah.ru-central1.internal",
                "instance_id": "epdru0l9r52mpvgproj7",
                "name": "cl1ok4cp21o2m43kgpro-edah",
                "network_interface": [
                  {
                    "index": 0,
                    "ip_address": "10.130.0.33",
                    "ipv4": true,
                    "ipv6": false,
                    "ipv6_address": "",
                    "mac_address": "d0:0d:1b:f0:2a:9d",
                    "nat": true,
                    "nat_ip_address": "158.160.95.116",
                    "nat_ip_version": "IPV4",
                    "subnet_id": "e2l7o2gdb69oejco9dcl"
                  }
                ],
                "status": "RUNNING_ACTUAL",
                "status_changed_at": "2026-01-10T19:03:49Z",
                "status_message": "",
                "zone_id": "ru-central1-b"
              },
              {
                "fqdn": "cl1ok4cp21o2m43kgpro-orad.ru-central1.internal",
                "instance_id": "epd152r0j79obgri4lhg",
                "name": "cl1ok4cp21o2m43kgpro-orad",
                "network_interface": [
                  {
                    "index": 0,
                    "ip_address": "10.130.0.21",
                    "ipv4": true,
                    "ipv6": false,
                    "ipv6_address": "",
                    "mac_address": "d0:0d:12:8b:60:99",
                    "nat": true,
                    "nat_ip_address": "158.160.93.176",
                    "nat_ip_version": "IPV4",
                    "subnet_id": "e2l7o2gdb69oejco9dcl"
                  }
                ],
                "status": "RUNNING_ACTUAL",
                "status_changed_at": "2026-01-10T19:05:34Z",
                "status_message": "",
                "zone_id": "ru-central1-b"
              },
              {
                "fqdn": "cl1ok4cp21o2m43kgpro-emeh.ru-central1.internal",
                "instance_id": "epdne86sj63qif57312e",
                "name": "cl1ok4cp21o2m43kgpro-emeh",
                "network_interface": [
                  {
                    "index": 0,
                    "ip_address": "10.130.0.7",
                    "ipv4": true,
                    "ipv6": false,
                    "ipv6_address": "",
                    "mac_address": "d0:0d:17:72:0d:c9",
                    "nat": true,
                    "nat_ip_address": "158.160.86.32",
                    "nat_ip_version": "IPV4",
                    "subnet_id": "e2l7o2gdb69oejco9dcl"
                  }
                ],
                "status": "RUNNING_ACTUAL",
                "status_changed_at": "2026-01-10T19:03:09Z",
                "status_message": "",
                "zone_id": "ru-central1-b"
              }
            ],
            "labels": null,
            "load_balancer": [],
            "max_checking_health_duration": 0,
            "name": "servers-pool",
            "scale_policy": [
              {
                "auto_scale": [],
                "fixed_scale": [
                  {
                    "size": 3
                  }
                ],
                "test_auto_scale": []
              }
            ],
            "service_account_id": "ajejvmddjg0sn6b23hvb",
            "status": "ACTIVE",
            "timeouts": null,
            "variables": null
          },
          "sensitive_attributes": [],
          "identity_schema_version": 0,
          "private": "eyJlMmJmYjczMC1lY2FhLTExZTYtOGY4OC0zNDM2M2JjN2M0YzAiOnsiY3JlYXRlIjoxODAwMDAwMDAwMDAwLCJkZWxldGUiOjE4MDAwMDAwMDAwMDAsInVwZGF0ZSI6MTgwMDAwMDAwMDAwMH19",
          "dependencies": [
            "yandex_vpc_security_group.vm_sg"
          ]
        }
      ]
    },
    {
      "mode": "managed",
      "type": "yandex_vpc_security_group",
      "name": "vm_sg",
      "provider": "provider[\"registry.terraform.io/yandex-cloud/yandex\"]",
      "instances": [
        {
          "schema_version": 0,
          "attributes": {
            "created_at": "2026-01-10T13:10:56Z",
            "description": "",
            "egress": [
              {
                "description": "",
                "from_port": -1,
                "id": "enpj1aobff6adi0is862",
                "labels": {},
                "port": -1,
                "predefined_target": "",
                "protocol": "ANY",
                "security_group_id": "",
                "to_port": -1,
                "v4_cidr_blocks": [
                  "0.0.0.0/0"
                ],
                "v6_cidr_blocks": []
              }
            ],
            "folder_id": "b1g198030ofc482vr85d",
            "id": "enphqa4mabqo2agmvii3",
            "ingress": [
              {
                "description": "",
                "from_port": -1,
                "id": "enp95aq061to8jqjujip",
                "labels": {},
                "port": 22,
                "predefined_target": "",
                "protocol": "TCP",
                "security_group_id": "",
                "to_port": -1,
                "v4_cidr_blocks": [
                  "0.0.0.0/0"
                ],
                "v6_cidr_blocks": []
              },
              {
                "description": "",
                "from_port": -1,
                "id": "enpf2nlb1uoli36t7fbs",
                "labels": {},
                "port": 443,
                "predefined_target": "",
                "protocol": "TCP",
                "security_group_id": "",
                "to_port": -1,
                "v4_cidr_blocks": [
                  "0.0.0.0/0"
                ],
                "v6_cidr_blocks": []
              },
              {
                "description": "",
                "from_port": -1,
                "id": "enpv09av6thp03g7k87e",
                "labels": {},
                "port": -1,
                "predefined_target": "",
                "protocol": "ANY",
                "security_group_id": "",
                "to_port": -1,
                "v4_cidr_blocks": [
                  "0.0.0.0/0"
                ],
                "v6_cidr_blocks": []
              }
            ],
            "labels": {},
            "name": "backend_security_group",
            "network_id": "enp3dh4te1pejmr538gp",
            "status": "ACTIVE",
            "timeouts": null
          },
          "sensitive_attributes": [],
          "identity_schema_version": 0,
          "private": "eyJlMmJmYjczMC1lY2FhLTExZTYtOGY4OC0zNDM2M2JjN2M0YzAiOnsiY3JlYXRlIjoxODAwMDAwMDAwMDAsImRlbGV0ZSI6MTgwMDAwMDAwMDAwLCJ1cGRhdGUiOjE4MDAwMDAwMDAwMH19"
        }
      ]
    }
  ],
  "check_results": null
}
