{
  "version": 4,
  "terraform_version": "1.14.3",
  "serial": 85,
  "lineage": "bd195226-6ad2-2755-9607-96ae78172d71",
  "outputs": {
    "vm_external_ip": {
      "value": "158.160.91.15",
      "type": "string"
    }
  },
  "resources": [
    {
      "mode": "managed",
      "type": "yandex_compute_instance",
      "name": "server1",
      "provider": "provider[\"registry.terraform.io/yandex-cloud/yandex\"]",
      "instances": [
        {
          "status": "tainted",
          "schema_version": 1,
          "attributes": {
            "allow_recreate": null,
            "allow_stopping_for_update": null,
            "boot_disk": [
              {
                "auto_delete": true,
                "device_name": "",
                "disk_id": "",
                "initialize_params": [
                  {
                    "block_size": 0,
                    "description": "",
                    "image_id": "fd883qojk2a3hruf8p7m",
                    "name": "",
                    "size": 20,
                    "snapshot_id": "",
                    "type": "network-hdd"
                  }
                ],
                "mode": ""
              }
            ],
            "created_at": null,
            "description": null,
            "filesystem": [],
            "folder_id": null,
            "fqdn": null,
            "hostname": null,
            "id": "epd15mndkdf4kqcfthq3",
            "labels": null,
            "local_disk": [],
            "metadata": {
              "ssh-keys": "test:ssh-rsa AAAAB3NzaC1yc2EAAAADAQABAAABAQCrmkifIFtPZRx62czRpEij2arrWF0VbEwdDOkDHS8/zXPjgfa8pK6+zoc1UlweSU0FfhCLlRO3H6uQfM4j2hColHFaxpgDPhPS0uQ3w+akb46QMkNSzlVW0WEQtmgtxJnjvD4obi746/Ne385TL6hyprNpwDjrx59LT6r1FzDNMNYah/F2AQS6HSVqfrrXJQD/oczOe6KQli5YA5lMcddGJS/SAOblmuDN+4OMcmuWXuRxKzwl/pNjw97Umu17iCN0ZyqhSgT81fA2tueL8JBlkaJ+jt5EGFojIYq2+dqiJSxYIPTcGgD9MASn/6wNq0QMAf6mO9edDKCCs3g3j5m7 rsa-key-20250922",
              "user-data": "#cloud-config\r\nusers:\r\n  - name: test\r\n    sudo: ALL=(ALL) NOPASSWD:ALL\r\n    groups: users, admin\r\n    home: /home/test\r\n    shell: /bin/bash\r\n    lock_passwd: false\r\n    ssh_authorized_keys:\r\n      - ssh-rsa AAAAB3NzaC1yc2EAAAADAQABAAABAQCrmkifIFtPZRx62czRpEij2arrWF0VbEwdDOkDHS8/zXPjgfa8pK6+zoc1UlweSU0FfhCLlRO3H6uQfM4j2hColHFaxpgDPhPS0uQ3w+akb46QMkNSzlVW0WEQtmgtxJnjvD4obi746/Ne385TL6hyprNpwDjrx59LT6r1FzDNMNYah/F2AQS6HSVqfrrXJQD/oczOe6KQli5YA5lMcddGJS/SAOblmuDN+4OMcmuWXuRxKzwl/pNjw97Umu17iCN0ZyqhSgT81fA2tueL8JBlkaJ+jt5EGFojIYq2+dqiJSxYIPTcGgD9MASn/6wNq0QMAf6mO9edDKCCs3g3j5m7 rsa-key-20250922\r\n\r\nbootcmd:\r\n  - mkdir -p /home/test/back\r\n\r\nwrite_files:\r\n  - path: /home/test/start_back.sh\r\n    owner: test:test\r\n    permissions: '0755'\r\n    defer: true\r\n    content: |\r\n      #!/bin/bash\r\n      cd /home/test/back\r\n      if [ ! -d venv ]; then\r\n        python3 -m venv venv\r\n      fi\r\n      . venv/bin/activate\r\n      pip install --upgrade pip\r\n      pip install -r requirements.txt\r\n      nohup uvicorn app.app:app --host 0.0.0.0 --port 8000 \u003e uvicorn.log 2\u003e\u00261 \u0026\r\n\r\nruncmd:\r\n  - apt update\r\n  - apt install -y python3.12-venv python3-pip git\r\n  - git clone \"https://github.com/Kpokoko/react-mock-server\" /home/test/back\r\n  - chown -R test:test /home/test\r\n  - [chmod, -R, u+rwX, /home/test/back]\r\n  - bash -c \"if [ -f /home/test/back/.env ]; then sed -i '1c\\\\DATABASE_URL=postgresql+asyncpg://myuser:12345@localhost:5432/react' /home/test/app/.env; fi\"\r\n  - /home/test/start_back.sh\r\n"
            },
            "metadata_options": null,
            "name": "server2",
            "network_acceleration_type": "standard",
            "network_interface": [
              {
                "dns_record": [],
                "index": 0,
                "ip_address": "",
                "ipv4": true,
                "ipv6": false,
                "ipv6_address": "",
                "ipv6_dns_record": [],
                "mac_address": "",
                "nat": true,
                "nat_dns_record": [],
                "nat_ip_address": "",
                "nat_ip_version": "",
                "security_group_ids": [],
                "subnet_id": "e2lp24vhi1c7o4evfo7s"
              }
            ],
            "placement_policy": null,
            "platform_id": "standard-v1",
            "resources": [
              {
                "core_fraction": 100,
                "cores": 2,
                "gpus": 0,
                "memory": 2
              }
            ],
            "scheduling_policy": null,
            "secondary_disk": [],
            "service_account_id": null,
            "status": null,
            "timeouts": null,
            "zone": "ru-central1-b"
          },
          "sensitive_attributes": [],
          "identity_schema_version": 0,
          "private": "eyJlMmJmYjczMC1lY2FhLTExZTYtOGY4OC0zNDM2M2JjN2M0YzAiOnsiY3JlYXRlIjozMDAwMDAwMDAwMDAsImRlbGV0ZSI6MzAwMDAwMDAwMDAwLCJ1cGRhdGUiOjMwMDAwMDAwMDAwMH0sInNjaGVtYV92ZXJzaW9uIjoiMSJ9"
        }
      ]
    }
  ],
  "check_results": null
}
