{
  "version": 4,
  "terraform_version": "1.14.3",
  "serial": 146,
  "lineage": "bd195226-6ad2-2755-9607-96ae78172d71",
  "outputs": {},
  "resources": [
    {
      "mode": "managed",
      "type": "yandex_vpc_security_group",
      "name": "vm_sg",
      "provider": "provider[\"registry.terraform.io/yandex-cloud/yandex\"]",
      "instances": [
        {
          "schema_version": 0,
          "attributes": {
            "created_at": "2026-01-10T13:10:56Z",
            "description": "",
            "egress": [
              {
                "description": "",
                "from_port": -1,
                "id": "enp7q4nvvjdaigk1tiqg",
                "labels": {},
                "port": -1,
                "predefined_target": "",
                "protocol": "ANY",
                "security_group_id": "",
                "to_port": -1,
                "v4_cidr_blocks": [
                  "0.0.0.0/0"
                ],
                "v6_cidr_blocks": []
              }
            ],
            "folder_id": "b1g198030ofc482vr85d",
            "id": "enphqa4mabqo2agmvii3",
            "ingress": [
              {
                "description": null,
                "from_port": -1,
                "id": "enpqu36aon1fkoj15id3",
                "labels": {},
                "port": 22,
                "predefined_target": null,
                "protocol": "TCP",
                "security_group_id": null,
                "to_port": -1,
                "v4_cidr_blocks": [
                  "0.0.0.0/0"
                ],
                "v6_cidr_blocks": []
              },
              {
                "description": null,
                "from_port": -1,
                "id": "enpvd3ht1ed17r6d9ub6",
                "labels": {},
                "port": 443,
                "predefined_target": null,
                "protocol": "TCP",
                "security_group_id": null,
                "to_port": -1,
                "v4_cidr_blocks": [
                  "0.0.0.0/0"
                ],
                "v6_cidr_blocks": []
              }
            ],
            "labels": {},
            "name": "backend_security_group",
            "network_id": "enp3dh4te1pejmr538gp",
            "status": "ACTIVE",
            "timeouts": null
          },
          "sensitive_attributes": [],
          "identity_schema_version": 0,
          "private": "eyJlMmJmYjczMC1lY2FhLTExZTYtOGY4OC0zNDM2M2JjN2M0YzAiOnsiY3JlYXRlIjoxODAwMDAwMDAwMDAsImRlbGV0ZSI6MTgwMDAwMDAwMDAwLCJ1cGRhdGUiOjE4MDAwMDAwMDAwMH19"
        }
      ]
    }
  ],
  "check_results": null
}
